
Microsoft Visual Studio Solution File, Format Version 12.00
# Visual Studio Version 17
VisualStudioVersion = 17.3.32929.385
MinimumVisualStudioVersion = 10.0.40219.1
Project("{FAE04EC0-301F-11D3-BF4B-00C04F79EFBC}") = "LogicalPrograming", "LogicalPrograming\LogicalPrograming.csproj", "{BD8A8D4A-D5DB-40BC-84FC-F9B18C0940AB}"
EndProject
Global
	GlobalSection(SolutionConfigurationPlatforms) = preSolution
		Debug|Any CPU = Debug|Any CPU
		Release|Any CPU = Release|Any CPU
	EndGlobalSection
	GlobalSection(ProjectConfigurationPlatforms) = postSolution
		{BD8A8D4A-D5DB-40BC-84FC-F9B18C0940AB}.Debug|Any CPU.ActiveCfg = Debug|Any CPU
		{BD8A8D4A-D5DB-40BC-84FC-F9B18C0940AB}.Debug|Any CPU.Build.0 = Debug|Any CPU
		{BD8A8D4A-D5DB-40BC-84FC-F9B18C0940AB}.Release|Any CPU.ActiveCfg = Release|Any CPU
		{BD8A8D4A-D5DB-40BC-84FC-F9B18C0940AB}.Release|Any CPU.Build.0 = Release|Any CPU
	EndGlobalSection
	GlobalSection(SolutionProperties) = preSolution
		HideSolutionNode = FALSE
	EndGlobalSection
	GlobalSection(ExtensibilityGlobals) = postSolution
		SolutionGuid = {2AED2DEC-68C1-4073-8DC0-09CD7BA6A315}
	EndGlobalSection
EndGlobal
